
Microsoft Visual Studio Solution File, Format Version 12.00
# Visual Studio Version 17
VisualStudioVersion = 17.2.32616.157
MinimumVisualStudioVersion = 10.0.40219.1
Project("{FAE04EC0-301F-11D3-BF4B-00C04F79EFBC}") = "csharproles", "csharproles\csharproles.csproj", "{7153FB13-3F10-454A-AE3F-56C18253F637}"
EndProject
Global
	GlobalSection(SolutionConfigurationPlatforms) = preSolution
		Debug|Any CPU = Debug|Any CPU
		Release|Any CPU = Release|Any CPU
	EndGlobalSection
	GlobalSection(ProjectConfigurationPlatforms) = postSolution
		{7153FB13-3F10-454A-AE3F-56C18253F637}.Debug|Any CPU.ActiveCfg = Debug|Any CPU
		{7153FB13-3F10-454A-AE3F-56C18253F637}.Debug|Any CPU.Build.0 = Debug|Any CPU
		{7153FB13-3F10-454A-AE3F-56C18253F637}.Release|Any CPU.ActiveCfg = Release|Any CPU
		{7153FB13-3F10-454A-AE3F-56C18253F637}.Release|Any CPU.Build.0 = Release|Any CPU
	EndGlobalSection
	GlobalSection(SolutionProperties) = preSolution
		HideSolutionNode = FALSE
	EndGlobalSection
	GlobalSection(ExtensibilityGlobals) = postSolution
		SolutionGuid = {C0D50873-9A71-4D75-A701-FD42FC69FA4D}
	EndGlobalSection
EndGlobal
